
Microsoft Visual Studio Solution File, Format Version 12.00
# Visual Studio Version 17
VisualStudioVersion = 17.0.31903.59
MinimumVisualStudioVersion = 10.0.40219.1
Project("{2150E333-8FDC-42A3-9474-1A3956D46DE8}") = "src", "src", "{0487E21C-6149-4ADD-8C05-5A327B9B06A2}"
EndProject
Project("{FAE04EC0-301F-11D3-BF4B-00C04F79EFBC}") = "PWR", "src\PWR\PWR.csproj", "{FF9A63EF-6DD5-432A-8AAC-1F86C5C2ACC2}"
EndProject
Project("{2150E333-8FDC-42A3-9474-1A3956D46DE8}") = "tests", "tests", "{68C67350-C2A3-4B35-A831-3729DA778FD5}"
EndProject
Project("{FAE04EC0-301F-11D3-BF4B-00C04F79EFBC}") = "PWR.Tests", "tests\PWR.Tests\PWR.Tests.csproj", "{1500254C-0C06-431F-B435-811965A06B1D}"
EndProject
Project("{2150E333-8FDC-42A3-9474-1A3956D46DE8}") = "examples", "examples", "{22D39ED2-2CA4-4288-8624-691EBF2C40BE}"
EndProject
Project("{FAE04EC0-301F-11D3-BF4B-00C04F79EFBC}") = "ExampleApp", "examples\ExampleApp\ExampleApp.csproj", "{47729777-843D-4A69-92D0-10C5EB8653A6}"
EndProject
Global
	GlobalSection(SolutionConfigurationPlatforms) = preSolution
		Debug|Any CPU = Debug|Any CPU
		Release|Any CPU = Release|Any CPU
	EndGlobalSection
	GlobalSection(SolutionProperties) = preSolution
		HideSolutionNode = FALSE
	EndGlobalSection
	GlobalSection(ProjectConfigurationPlatforms) = postSolution
		{FF9A63EF-6DD5-432A-8AAC-1F86C5C2ACC2}.Debug|Any CPU.ActiveCfg = Debug|Any CPU
		{FF9A63EF-6DD5-432A-8AAC-1F86C5C2ACC2}.Debug|Any CPU.Build.0 = Debug|Any CPU
		{FF9A63EF-6DD5-432A-8AAC-1F86C5C2ACC2}.Release|Any CPU.ActiveCfg = Release|Any CPU
		{FF9A63EF-6DD5-432A-8AAC-1F86C5C2ACC2}.Release|Any CPU.Build.0 = Release|Any CPU
		{1500254C-0C06-431F-B435-811965A06B1D}.Debug|Any CPU.ActiveCfg = Debug|Any CPU
		{1500254C-0C06-431F-B435-811965A06B1D}.Debug|Any CPU.Build.0 = Debug|Any CPU
		{1500254C-0C06-431F-B435-811965A06B1D}.Release|Any CPU.ActiveCfg = Release|Any CPU
		{1500254C-0C06-431F-B435-811965A06B1D}.Release|Any CPU.Build.0 = Release|Any CPU
		{47729777-843D-4A69-92D0-10C5EB8653A6}.Debug|Any CPU.ActiveCfg = Debug|Any CPU
		{47729777-843D-4A69-92D0-10C5EB8653A6}.Debug|Any CPU.Build.0 = Debug|Any CPU
		{47729777-843D-4A69-92D0-10C5EB8653A6}.Release|Any CPU.ActiveCfg = Release|Any CPU
		{47729777-843D-4A69-92D0-10C5EB8653A6}.Release|Any CPU.Build.0 = Release|Any CPU
	EndGlobalSection
	GlobalSection(NestedProjects) = preSolution
		{FF9A63EF-6DD5-432A-8AAC-1F86C5C2ACC2} = {0487E21C-6149-4ADD-8C05-5A327B9B06A2}
		{1500254C-0C06-431F-B435-811965A06B1D} = {68C67350-C2A3-4B35-A831-3729DA778FD5}
		{47729777-843D-4A69-92D0-10C5EB8653A6} = {22D39ED2-2CA4-4288-8624-691EBF2C40BE}
	EndGlobalSection
EndGlobal
